
Microsoft Visual Studio Solution File, Format Version 12.00
# Visual Studio Version 17
VisualStudioVersion = 17.0.31912.275
MinimumVisualStudioVersion = 10.0.40219.1
Project("{FAE04EC0-301F-11D3-BF4B-00C04F79EFBC}") = "gRpcClient", "gRpcClient\gRpcClient.csproj", "{649AB240-7893-42C0-8F03-44839E2F9FEB}"
EndProject
Project("{FAE04EC0-301F-11D3-BF4B-00C04F79EFBC}") = "GrpcService", "GrpcService\GrpcService.csproj", "{72F5BEC4-CA64-4EA7-AFCE-321B85ED1A2A}"
EndProject
Global
	GlobalSection(SolutionConfigurationPlatforms) = preSolution
		Debug|Any CPU = Debug|Any CPU
		Release|Any CPU = Release|Any CPU
	EndGlobalSection
	GlobalSection(ProjectConfigurationPlatforms) = postSolution
		{649AB240-7893-42C0-8F03-44839E2F9FEB}.Debug|Any CPU.ActiveCfg = Debug|Any CPU
		{649AB240-7893-42C0-8F03-44839E2F9FEB}.Debug|Any CPU.Build.0 = Debug|Any CPU
		{649AB240-7893-42C0-8F03-44839E2F9FEB}.Release|Any CPU.ActiveCfg = Release|Any CPU
		{649AB240-7893-42C0-8F03-44839E2F9FEB}.Release|Any CPU.Build.0 = Release|Any CPU
		{72F5BEC4-CA64-4EA7-AFCE-321B85ED1A2A}.Debug|Any CPU.ActiveCfg = Debug|Any CPU
		{72F5BEC4-CA64-4EA7-AFCE-321B85ED1A2A}.Debug|Any CPU.Build.0 = Debug|Any CPU
		{72F5BEC4-CA64-4EA7-AFCE-321B85ED1A2A}.Release|Any CPU.ActiveCfg = Release|Any CPU
		{72F5BEC4-CA64-4EA7-AFCE-321B85ED1A2A}.Release|Any CPU.Build.0 = Release|Any CPU
	EndGlobalSection
	GlobalSection(SolutionProperties) = preSolution
		HideSolutionNode = FALSE
	EndGlobalSection
	GlobalSection(ExtensibilityGlobals) = postSolution
		SolutionGuid = {8EFBAD8F-0488-4D82-950E-DF4E71B0FC12}
	EndGlobalSection
EndGlobal
